// !$*UTF8*$!
{
	archiveVersion = 1;
	classes = {
	};
	objectVersion = 46;
	objects = {

/* Begin PBXBuildFile section */
		49F7178906D90E965521E456 /* Pods_MyRx.framework in Frameworks */ = {isa = PBXBuildFile; fileRef = 6CE59E88E4072A808EE0F619 /* Pods_MyRx.framework */; };
		FE21343E1E14E0CF00C056F5 /* Response+HandyJSON.swift in Sources */ = {isa = PBXBuildFile; fileRef = FE2134321E14E0CF00C056F5 /* Response+HandyJSON.swift */; };
		FE21343F1E14E0CF00C056F5 /* AppDelegate.swift in Sources */ = {isa = PBXBuildFile; fileRef = FE2134351E14E0CF00C056F5 /* AppDelegate.swift */; };
		FE2134401E14E0CF00C056F5 /* Info.plist in Resources */ = {isa = PBXBuildFile; fileRef = FE2134361E14E0CF00C056F5 /* Info.plist */; };
		FE2134411E14E0CF00C056F5 /* BantangProvider.swift in Sources */ = {isa = PBXBuildFile; fileRef = FE2134391E14E0CF00C056F5 /* BantangProvider.swift */; };
		FE2134421E14E0CF00C056F5 /* BanTModel.swift in Sources */ = {isa = PBXBuildFile; fileRef = FE21343A1E14E0CF00C056F5 /* BanTModel.swift */; };
		FE2134431E14E0CF00C056F5 /* ViewController.swift in Sources */ = {isa = PBXBuildFile; fileRef = FE21343B1E14E0CF00C056F5 /* ViewController.swift */; };
		FE2134441E14E0CF00C056F5 /* Assets.xcassets in Resources */ = {isa = PBXBuildFile; fileRef = FE21343D1E14E0CF00C056F5 /* Assets.xcassets */; };
		FE21344C1E14E20100C056F5 /* String+BoundingRect.swift in Sources */ = {isa = PBXBuildFile; fileRef = FE21344B1E14E20100C056F5 /* String+BoundingRect.swift */; };
		FE21344E1E14E22500C056F5 /* RxOperators.swift in Sources */ = {isa = PBXBuildFile; fileRef = FE21344D1E14E22500C056F5 /* RxOperators.swift */; };
		FE2134501E14E28E00C056F5 /* welcomeVideo.mp4 in Resources */ = {isa = PBXBuildFile; fileRef = FE21344F1E14E28E00C056F5 /* welcomeVideo.mp4 */; };
		FE2134551E14EE6600C056F5 /* MainTabbarController.swift in Sources */ = {isa = PBXBuildFile; fileRef = FE2134541E14EE6600C056F5 /* MainTabbarController.swift */; };
		FE2134571E14EE8500C056F5 /* MainNavigationController.swift in Sources */ = {isa = PBXBuildFile; fileRef = FE2134561E14EE8500C056F5 /* MainNavigationController.swift */; };
		FE2134591E14EEAE00C056F5 /* Appdelegate+Extension.swift in Sources */ = {isa = PBXBuildFile; fileRef = FE2134581E14EEAE00C056F5 /* Appdelegate+Extension.swift */; };
		FE21345B1E14F04700C056F5 /* UIColor+random.swift in Sources */ = {isa = PBXBuildFile; fileRef = FE21345A1E14F04700C056F5 /* UIColor+random.swift */; };
		FE2134721E14F99700C056F5 /* BoxViewController.swift in Sources */ = {isa = PBXBuildFile; fileRef = FE2134711E14F99700C056F5 /* BoxViewController.swift */; };
		FE2134741E14F9B000C056F5 /* MatchViewController.swift in Sources */ = {isa = PBXBuildFile; fileRef = FE2134731E14F9B000C056F5 /* MatchViewController.swift */; };
		FE2134761E14F9C800C056F5 /* TopicViewController.swift in Sources */ = {isa = PBXBuildFile; fileRef = FE2134751E14F9C800C056F5 /* TopicViewController.swift */; };
		FE2134781E14F9DF00C056F5 /* ProfileViewController.swift in Sources */ = {isa = PBXBuildFile; fileRef = FE2134771E14F9DF00C056F5 /* ProfileViewController.swift */; };
		FE21347A1E14F9F600C056F5 /* MessageViewController.swift in Sources */ = {isa = PBXBuildFile; fileRef = FE2134791E14F9F600C056F5 /* MessageViewController.swift */; };
		FE21347C1E1505D500C056F5 /* MatchService.swift in Sources */ = {isa = PBXBuildFile; fileRef = FE21347B1E1505D500C056F5 /* MatchService.swift */; };
		FE2134801E150A3500C056F5 /* momentsad in Resources */ = {isa = PBXBuildFile; fileRef = FE21347F1E150A3500C056F5 /* momentsad */; };
		FE2134841E150AB100C056F5 /* likemomentsad in Resources */ = {isa = PBXBuildFile; fileRef = FE2134831E150AB100C056F5 /* likemomentsad */; };
		FE2134861E150C8500C056F5 /* MatchModel.swift in Sources */ = {isa = PBXBuildFile; fileRef = FE2134851E150C8500C056F5 /* MatchModel.swift */; };
		FE9C36741E1B816E000E73C2 /* config.swift in Sources */ = {isa = PBXBuildFile; fileRef = FE9C36731E1B816E000E73C2 /* config.swift */; };
		FE9C36761E1B8398000E73C2 /* TopicSectionHeaderView.swift in Sources */ = {isa = PBXBuildFile; fileRef = FE9C36751E1B8398000E73C2 /* TopicSectionHeaderView.swift */; };
		FE9C36781E1B83B3000E73C2 /* TopicSectionHeaderView.xib in Resources */ = {isa = PBXBuildFile; fileRef = FE9C36771E1B83B3000E73C2 /* TopicSectionHeaderView.xib */; };
		FE9C367C1E1CA6D5000E73C2 /* MatchADView.swift in Sources */ = {isa = PBXBuildFile; fileRef = FE9C367B1E1CA6D5000E73C2 /* MatchADView.swift */; };
		FE9C367E1E1CD0BC000E73C2 /* MatchSegmentedControl.swift in Sources */ = {isa = PBXBuildFile; fileRef = FE9C367D1E1CD0BC000E73C2 /* MatchSegmentedControl.swift */; };
		FE9C36801E1CD59A000E73C2 /* UIImage+Extension.swift in Sources */ = {isa = PBXBuildFile; fileRef = FE9C367F1E1CD59A000E73C2 /* UIImage+Extension.swift */; };
		FE9C36821E1CEC44000E73C2 /* MatchTopicController.swift in Sources */ = {isa = PBXBuildFile; fileRef = FE9C36811E1CEC44000E73C2 /* MatchTopicController.swift */; };
		FEB3E4D81E1D1DD100DEAFB1 /* TopicTopView.swift in Sources */ = {isa = PBXBuildFile; fileRef = FEB3E4D71E1D1DD100DEAFB1 /* TopicTopView.swift */; };
		FEB3E4DA1E1D1DDC00DEAFB1 /* TopicTopView.xib in Resources */ = {isa = PBXBuildFile; fileRef = FEB3E4D91E1D1DDC00DEAFB1 /* TopicTopView.xib */; };
		FEC9B4131E151E1B00D076EF /* JSONTool.swift in Sources */ = {isa = PBXBuildFile; fileRef = FEC9B4121E151E1B00D076EF /* JSONTool.swift */; };
		FEED49741E16094D0043DB83 /* TopicService.swift in Sources */ = {isa = PBXBuildFile; fileRef = FEED49731E16094D0043DB83 /* TopicService.swift */; };
		FEED49761E160A570043DB83 /* index in Resources */ = {isa = PBXBuildFile; fileRef = FEED49751E160A570043DB83 /* index */; };
		FEED49781E160E0D0043DB83 /* Observer+schedulerl.swift in Sources */ = {isa = PBXBuildFile; fileRef = FEED49771E160E0D0043DB83 /* Observer+schedulerl.swift */; };
		FEED497A1E162F9B0043DB83 /* TopicList.swift in Sources */ = {isa = PBXBuildFile; fileRef = FEED49791E162F9B0043DB83 /* TopicList.swift */; };
		FEED497D1E1634950043DB83 /* TopicTitleCell.swift in Sources */ = {isa = PBXBuildFile; fileRef = FEED497B1E1634950043DB83 /* TopicTitleCell.swift */; };
		FEED497E1E1634950043DB83 /* TopicTitleCell.xib in Resources */ = {isa = PBXBuildFile; fileRef = FEED497C1E1634950043DB83 /* TopicTitleCell.xib */; };
		FEED49801E163E070043DB83 /* TopicListViewModel.swift in Sources */ = {isa = PBXBuildFile; fileRef = FEED497F1E163E070043DB83 /* TopicListViewModel.swift */; };
		FEED49831E1665B40043DB83 /* GCD+Extension.swift in Sources */ = {isa = PBXBuildFile; fileRef = FEED49821E1665B40043DB83 /* GCD+Extension.swift */; };
		FEED49851E1665C20043DB83 /* String+Directionary.swift in Sources */ = {isa = PBXBuildFile; fileRef = FEED49841E1665C20043DB83 /* String+Directionary.swift */; };
		FEED49871E1665E20043DB83 /* String+Extension.swift in Sources */ = {isa = PBXBuildFile; fileRef = FEED49861E1665E20043DB83 /* String+Extension.swift */; };
		FEED49891E1665EC0043DB83 /* UIBarButtonItem+category.swift in Sources */ = {isa = PBXBuildFile; fileRef = FEED49881E1665EC0043DB83 /* UIBarButtonItem+category.swift */; };
		FEED498B1E1665FB0043DB83 /* UINavigationBar+line.swift in Sources */ = {isa = PBXBuildFile; fileRef = FEED498A1E1665FB0043DB83 /* UINavigationBar+line.swift */; };
		FEED498D1E1666090043DB83 /* UIView+Nib.swift in Sources */ = {isa = PBXBuildFile; fileRef = FEED498C1E1666090043DB83 /* UIView+Nib.swift */; };
		FEF828BC1E0CB96F0002E09C /* MyRxTests.swift in Sources */ = {isa = PBXBuildFile; fileRef = FEF828BB1E0CB96F0002E09C /* MyRxTests.swift */; };
		FEF828C71E0CB96F0002E09C /* MyRxUITests.swift in Sources */ = {isa = PBXBuildFile; fileRef = FEF828C61E0CB96F0002E09C /* MyRxUITests.swift */; };
/* End PBXBuildFile section */

/* Begin PBXContainerItemProxy section */
		FEF828B81E0CB96F0002E09C /* PBXContainerItemProxy */ = {
			isa = PBXContainerItemProxy;
			containerPortal = FEF8289B1E0CB96F0002E09C /* Project object */;
			proxyType = 1;
			remoteGlobalIDString = FEF828A21E0CB96F0002E09C;
			remoteInfo = MyRx;
		};
		FEF828C31E0CB96F0002E09C /* PBXContainerItemProxy */ = {
			isa = PBXContainerItemProxy;
			containerPortal = FEF8289B1E0CB96F0002E09C /* Project object */;
			proxyType = 1;
			remoteGlobalIDString = FEF828A21E0CB96F0002E09C;
			remoteInfo = MyRx;
		};
/* End PBXContainerItemProxy section */

/* Begin PBXFileReference section */
		42F74B4EAF2BBE52B7002C50 /* Pods-MyRx.release.xcconfig */ = {isa = PBXFileReference; includeInIndex = 1; lastKnownFileType = text.xcconfig; name = "Pods-MyRx.release.xcconfig"; path = "Pods/Target Support Files/Pods-MyRx/Pods-MyRx.release.xcconfig"; sourceTree = "<group>"; };
		6CE59E88E4072A808EE0F619 /* Pods_MyRx.framework */ = {isa = PBXFileReference; explicitFileType = wrapper.framework; includeInIndex = 0; path = Pods_MyRx.framework; sourceTree = BUILT_PRODUCTS_DIR; };
		838C51FC2269DB5BF654EF8C /* Pods-MyRx.debug.xcconfig */ = {isa = PBXFileReference; includeInIndex = 1; lastKnownFileType = text.xcconfig; name = "Pods-MyRx.debug.xcconfig"; path = "Pods/Target Support Files/Pods-MyRx/Pods-MyRx.debug.xcconfig"; sourceTree = "<group>"; };
		FE2134321E14E0CF00C056F5 /* Response+HandyJSON.swift */ = {isa = PBXFileReference; fileEncoding = 4; lastKnownFileType = sourcecode.swift; path = "Response+HandyJSON.swift"; sourceTree = "<group>"; };
		FE2134351E14E0CF00C056F5 /* AppDelegate.swift */ = {isa = PBXFileReference; fileEncoding = 4; lastKnownFileType = sourcecode.swift; path = AppDelegate.swift; sourceTree = "<group>"; };
		FE2134361E14E0CF00C056F5 /* Info.plist */ = {isa = PBXFileReference; fileEncoding = 4; lastKnownFileType = text.plist.xml; name = Info.plist; path = ../Main/Info.plist; sourceTree = "<group>"; };
		FE2134391E14E0CF00C056F5 /* BantangProvider.swift */ = {isa = PBXFileReference; fileEncoding = 4; lastKnownFileType = sourcecode.swift; path = BantangProvider.swift; sourceTree = "<group>"; };
		FE21343A1E14E0CF00C056F5 /* BanTModel.swift */ = {isa = PBXFileReference; fileEncoding = 4; lastKnownFileType = sourcecode.swift; path = BanTModel.swift; sourceTree = "<group>"; };
		FE21343B1E14E0CF00C056F5 /* ViewController.swift */ = {isa = PBXFileReference; fileEncoding = 4; lastKnownFileType = sourcecode.swift; path = ViewController.swift; sourceTree = "<group>"; };
		FE21343D1E14E0CF00C056F5 /* Assets.xcassets */ = {isa = PBXFileReference; lastKnownFileType = folder.assetcatalog; path = Assets.xcassets; sourceTree = "<group>"; };
		FE21344B1E14E20100C056F5 /* String+BoundingRect.swift */ = {isa = PBXFileReference; fileEncoding = 4; lastKnownFileType = sourcecode.swift; path = "String+BoundingRect.swift"; sourceTree = "<group>"; };
		FE21344D1E14E22500C056F5 /* RxOperators.swift */ = {isa = PBXFileReference; fileEncoding = 4; lastKnownFileType = sourcecode.swift; path = RxOperators.swift; sourceTree = "<group>"; };
		FE21344F1E14E28E00C056F5 /* welcomeVideo.mp4 */ = {isa = PBXFileReference; lastKnownFileType = file; path = welcomeVideo.mp4; sourceTree = "<group>"; };
		FE2134541E14EE6600C056F5 /* MainTabbarController.swift */ = {isa = PBXFileReference; fileEncoding = 4; lastKnownFileType = sourcecode.swift; path = MainTabbarController.swift; sourceTree = "<group>"; };
		FE2134561E14EE8500C056F5 /* MainNavigationController.swift */ = {isa = PBXFileReference; fileEncoding = 4; lastKnownFileType = sourcecode.swift; path = MainNavigationController.swift; sourceTree = "<group>"; };
		FE2134581E14EEAE00C056F5 /* Appdelegate+Extension.swift */ = {isa = PBXFileReference; fileEncoding = 4; lastKnownFileType = sourcecode.swift; path = "Appdelegate+Extension.swift"; sourceTree = "<group>"; };
		FE21345A1E14F04700C056F5 /* UIColor+random.swift */ = {isa = PBXFileReference; fileEncoding = 4; lastKnownFileType = sourcecode.swift; path = "UIColor+random.swift"; sourceTree = "<group>"; };
		FE2134711E14F99700C056F5 /* BoxViewController.swift */ = {isa = PBXFileReference; fileEncoding = 4; lastKnownFileType = sourcecode.swift; path = BoxViewController.swift; sourceTree = "<group>"; };
		FE2134731E14F9B000C056F5 /* MatchViewController.swift */ = {isa = PBXFileReference; fileEncoding = 4; lastKnownFileType = sourcecode.swift; path = MatchViewController.swift; sourceTree = "<group>"; };
		FE2134751E14F9C800C056F5 /* TopicViewController.swift */ = {isa = PBXFileReference; fileEncoding = 4; lastKnownFileType = sourcecode.swift; path = TopicViewController.swift; sourceTree = "<group>"; };
		FE2134771E14F9DF00C056F5 /* ProfileViewController.swift */ = {isa = PBXFileReference; fileEncoding = 4; lastKnownFileType = sourcecode.swift; path = ProfileViewController.swift; sourceTree = "<group>"; };
		FE2134791E14F9F600C056F5 /* MessageViewController.swift */ = {isa = PBXFileReference; fileEncoding = 4; lastKnownFileType = sourcecode.swift; path = MessageViewController.swift; sourceTree = "<group>"; };
		FE21347B1E1505D500C056F5 /* MatchService.swift */ = {isa = PBXFileReference; fileEncoding = 4; lastKnownFileType = sourcecode.swift; path = MatchService.swift; sourceTree = "<group>"; };
		FE21347F1E150A3500C056F5 /* momentsad */ = {isa = PBXFileReference; fileEncoding = 4; lastKnownFileType = text; path = momentsad; sourceTree = "<group>"; };
		FE2134831E150AB100C056F5 /* likemomentsad */ = {isa = PBXFileReference; fileEncoding = 4; lastKnownFileType = text; path = likemomentsad; sourceTree = "<group>"; };
		FE2134851E150C8500C056F5 /* MatchModel.swift */ = {isa = PBXFileReference; fileEncoding = 4; lastKnownFileType = sourcecode.swift; path = MatchModel.swift; sourceTree = "<group>"; };
		FE9C36731E1B816E000E73C2 /* config.swift */ = {isa = PBXFileReference; fileEncoding = 4; lastKnownFileType = sourcecode.swift; path = config.swift; sourceTree = "<group>"; };
		FE9C36751E1B8398000E73C2 /* TopicSectionHeaderView.swift */ = {isa = PBXFileReference; fileEncoding = 4; lastKnownFileType = sourcecode.swift; path = TopicSectionHeaderView.swift; sourceTree = "<group>"; };
		FE9C36771E1B83B3000E73C2 /* TopicSectionHeaderView.xib */ = {isa = PBXFileReference; fileEncoding = 4; lastKnownFileType = file.xib; path = TopicSectionHeaderView.xib; sourceTree = "<group>"; };
		FE9C367B1E1CA6D5000E73C2 /* MatchADView.swift */ = {isa = PBXFileReference; fileEncoding = 4; lastKnownFileType = sourcecode.swift; path = MatchADView.swift; sourceTree = "<group>"; };
		FE9C367D1E1CD0BC000E73C2 /* MatchSegmentedControl.swift */ = {isa = PBXFileReference; fileEncoding = 4; lastKnownFileType = sourcecode.swift; path = MatchSegmentedControl.swift; sourceTree = "<group>"; };
		FE9C367F1E1CD59A000E73C2 /* UIImage+Extension.swift */ = {isa = PBXFileReference; fileEncoding = 4; lastKnownFileType = sourcecode.swift; path = "UIImage+Extension.swift"; sourceTree = "<group>"; };
		FE9C36811E1CEC44000E73C2 /* MatchTopicController.swift */ = {isa = PBXFileReference; fileEncoding = 4; lastKnownFileType = sourcecode.swift; path = MatchTopicController.swift; sourceTree = "<group>"; };
		FEB3E4D71E1D1DD100DEAFB1 /* TopicTopView.swift */ = {isa = PBXFileReference; fileEncoding = 4; lastKnownFileType = sourcecode.swift; path = TopicTopView.swift; sourceTree = "<group>"; };
		FEB3E4D91E1D1DDC00DEAFB1 /* TopicTopView.xib */ = {isa = PBXFileReference; fileEncoding = 4; lastKnownFileType = file.xib; path = TopicTopView.xib; sourceTree = "<group>"; };
		FEC9B4121E151E1B00D076EF /* JSONTool.swift */ = {isa = PBXFileReference; fileEncoding = 4; lastKnownFileType = sourcecode.swift; path = JSONTool.swift; sourceTree = "<group>"; };
		FEED49731E16094D0043DB83 /* TopicService.swift */ = {isa = PBXFileReference; fileEncoding = 4; lastKnownFileType = sourcecode.swift; path = TopicService.swift; sourceTree = "<group>"; };
		FEED49751E160A570043DB83 /* index */ = {isa = PBXFileReference; fileEncoding = 4; lastKnownFileType = text; path = index; sourceTree = "<group>"; };
		FEED49771E160E0D0043DB83 /* Observer+schedulerl.swift */ = {isa = PBXFileReference; fileEncoding = 4; lastKnownFileType = sourcecode.swift; path = "Observer+schedulerl.swift"; sourceTree = "<group>"; };
		FEED49791E162F9B0043DB83 /* TopicList.swift */ = {isa = PBXFileReference; fileEncoding = 4; lastKnownFileType = sourcecode.swift; path = TopicList.swift; sourceTree = "<group>"; };
		FEED497B1E1634950043DB83 /* TopicTitleCell.swift */ = {isa = PBXFileReference; fileEncoding = 4; lastKnownFileType = sourcecode.swift; path = TopicTitleCell.swift; sourceTree = "<group>"; };
		FEED497C1E1634950043DB83 /* TopicTitleCell.xib */ = {isa = PBXFileReference; fileEncoding = 4; lastKnownFileType = file.xib; path = TopicTitleCell.xib; sourceTree = "<group>"; };
		FEED497F1E163E070043DB83 /* TopicListViewModel.swift */ = {isa = PBXFileReference; fileEncoding = 4; lastKnownFileType = sourcecode.swift; path = TopicListViewModel.swift; sourceTree = "<group>"; };
		FEED49821E1665B40043DB83 /* GCD+Extension.swift */ = {isa = PBXFileReference; fileEncoding = 4; lastKnownFileType = sourcecode.swift; path = "GCD+Extension.swift"; sourceTree = "<group>"; };
		FEED49841E1665C20043DB83 /* String+Directionary.swift */ = {isa = PBXFileReference; fileEncoding = 4; lastKnownFileType = sourcecode.swift; path = "String+Directionary.swift"; sourceTree = "<group>"; };
		FEED49861E1665E20043DB83 /* String+Extension.swift */ = {isa = PBXFileReference; fileEncoding = 4; lastKnownFileType = sourcecode.swift; path = "String+Extension.swift"; sourceTree = "<group>"; };
		FEED49881E1665EC0043DB83 /* UIBarButtonItem+category.swift */ = {isa = PBXFileReference; fileEncoding = 4; lastKnownFileType = sourcecode.swift; path = "UIBarButtonItem+category.swift"; sourceTree = "<group>"; };
		FEED498A1E1665FB0043DB83 /* UINavigationBar+line.swift */ = {isa = PBXFileReference; fileEncoding = 4; lastKnownFileType = sourcecode.swift; path = "UINavigationBar+line.swift"; sourceTree = "<group>"; };
		FEED498C1E1666090043DB83 /* UIView+Nib.swift */ = {isa = PBXFileReference; fileEncoding = 4; lastKnownFileType = sourcecode.swift; path = "UIView+Nib.swift"; sourceTree = "<group>"; };
		FEF828A31E0CB96F0002E09C /* MyRx.app */ = {isa = PBXFileReference; explicitFileType = wrapper.application; includeInIndex = 0; path = MyRx.app; sourceTree = BUILT_PRODUCTS_DIR; };
		FEF828B71E0CB96F0002E09C /* MyRxTests.xctest */ = {isa = PBXFileReference; explicitFileType = wrapper.cfbundle; includeInIndex = 0; path = MyRxTests.xctest; sourceTree = BUILT_PRODUCTS_DIR; };
		FEF828BB1E0CB96F0002E09C /* MyRxTests.swift */ = {isa = PBXFileReference; lastKnownFileType = sourcecode.swift; path = MyRxTests.swift; sourceTree = "<group>"; };
		FEF828BD1E0CB96F0002E09C /* Info.plist */ = {isa = PBXFileReference; lastKnownFileType = text.plist.xml; path = Info.plist; sourceTree = "<group>"; };
		FEF828C21E0CB96F0002E09C /* MyRxUITests.xctest */ = {isa = PBXFileReference; explicitFileType = wrapper.cfbundle; includeInIndex = 0; path = MyRxUITests.xctest; sourceTree = BUILT_PRODUCTS_DIR; };
		FEF828C61E0CB96F0002E09C /* MyRxUITests.swift */ = {isa = PBXFileReference; lastKnownFileType = sourcecode.swift; path = MyRxUITests.swift; sourceTree = "<group>"; };
		FEF828C81E0CB96F0002E09C /* Info.plist */ = {isa = PBXFileReference; lastKnownFileType = text.plist.xml; path = Info.plist; sourceTree = "<group>"; };
/* End PBXFileReference section */

/* Begin PBXFrameworksBuildPhase section */
		FEF828A01E0CB96F0002E09C /* Frameworks */ = {
			isa = PBXFrameworksBuildPhase;
			buildActionMask = 2147483647;
			files = (
				49F7178906D90E965521E456 /* Pods_MyRx.framework in Frameworks */,
			);
			runOnlyForDeploymentPostprocessing = 0;
		};
		FEF828B41E0CB96F0002E09C /* Frameworks */ = {
			isa = PBXFrameworksBuildPhase;
			buildActionMask = 2147483647;
			files = (
			);
			runOnlyForDeploymentPostprocessing = 0;
		};
		FEF828BF1E0CB96F0002E09C /* Frameworks */ = {
			isa = PBXFrameworksBuildPhase;
			buildActionMask = 2147483647;
			files = (
			);
			runOnlyForDeploymentPostprocessing = 0;
		};
/* End PBXFrameworksBuildPhase section */

/* Begin PBXGroup section */
		0915D57DB6B6AE5681275D8B /* Frameworks */ = {
			isa = PBXGroup;
			children = (
				6CE59E88E4072A808EE0F619 /* Pods_MyRx.framework */,
			);
			name = Frameworks;
			sourceTree = "<group>";
		};
		1DB14ECF01E6DA0C93A966B1 /* Pods */ = {
			isa = PBXGroup;
			children = (
				838C51FC2269DB5BF654EF8C /* Pods-MyRx.debug.xcconfig */,
				42F74B4EAF2BBE52B7002C50 /* Pods-MyRx.release.xcconfig */,
			);
			name = Pods;
			sourceTree = "<group>";
		};
		FE21342F1E14E0CF00C056F5 /* Classes */ = {
			isa = PBXGroup;
			children = (
				FE21345C1E14F62100C056F5 /* Box */,
				FE2134601E14F62100C056F5 /* Match */,
				FE2134641E14F62100C056F5 /* Message */,
				FE2134681E14F62100C056F5 /* Profile */,
				FE21346C1E14F62100C056F5 /* Topic */,
				FE2134301E14E0CF00C056F5 /* Core */,
				FE2134341E14E0CF00C056F5 /* Main */,
				FE2134371E14E0CF00C056F5 /* Other */,
				FE21343C1E14E0CF00C056F5 /* Resource */,
			);
			path = Classes;
			sourceTree = "<group>";
		};
		FE2134301E14E0CF00C056F5 /* Core */ = {
			isa = PBXGroup;
			children = (
				FE2134701E14F92500C056F5 /* Service */,
				FE2134311E14E0CF00C056F5 /* Category */,
				FE2134331E14E0CF00C056F5 /* Tool */,
			);
			path = Core;
			sourceTree = "<group>";
		};
		FE2134311E14E0CF00C056F5 /* Category */ = {
			isa = PBXGroup;
			children = (
				FEED498C1E1666090043DB83 /* UIView+Nib.swift */,
				FEED498A1E1665FB0043DB83 /* UINavigationBar+line.swift */,
				FEED49881E1665EC0043DB83 /* UIBarButtonItem+category.swift */,
				FEED49841E1665C20043DB83 /* String+Directionary.swift */,
				FEED49861E1665E20043DB83 /* String+Extension.swift */,
				FEED49821E1665B40043DB83 /* GCD+Extension.swift */,
				FE21344D1E14E22500C056F5 /* RxOperators.swift */,
				FE21344B1E14E20100C056F5 /* String+BoundingRect.swift */,
				FE2134321E14E0CF00C056F5 /* Response+HandyJSON.swift */,
				FE21345A1E14F04700C056F5 /* UIColor+random.swift */,
				FEED49771E160E0D0043DB83 /* Observer+schedulerl.swift */,
				FE9C367F1E1CD59A000E73C2 /* UIImage+Extension.swift */,
			);
			path = Category;
			sourceTree = "<group>";
		};
		FE2134331E14E0CF00C056F5 /* Tool */ = {
			isa = PBXGroup;
			children = (
				FEC9B4121E151E1B00D076EF /* JSONTool.swift */,
				FE9C36731E1B816E000E73C2 /* config.swift */,
			);
			path = Tool;
			sourceTree = "<group>";
		};
		FE2134341E14E0CF00C056F5 /* Main */ = {
			isa = PBXGroup;
			children = (
				FE2134511E14EE4800C056F5 /* Controller */,
				FE2134521E14EE4800C056F5 /* Model */,
				FE2134531E14EE4800C056F5 /* View */,
				FE2134351E14E0CF00C056F5 /* AppDelegate.swift */,
				FE2134581E14EEAE00C056F5 /* Appdelegate+Extension.swift */,
			);
			path = Main;
			sourceTree = "<group>";
		};
		FE2134371E14E0CF00C056F5 /* Other */ = {
			isa = PBXGroup;
			children = (
				FE2134381E14E0CF00C056F5 /* Test */,
			);
			path = Other;
			sourceTree = "<group>";
		};
		FE2134381E14E0CF00C056F5 /* Test */ = {
			isa = PBXGroup;
			children = (
				FE2134391E14E0CF00C056F5 /* BantangProvider.swift */,
				FE21343A1E14E0CF00C056F5 /* BanTModel.swift */,
				FE21343B1E14E0CF00C056F5 /* ViewController.swift */,
			);
			path = Test;
			sourceTree = "<group>";
		};
		FE21343C1E14E0CF00C056F5 /* Resource */ = {
			isa = PBXGroup;
			children = (
				FE2134361E14E0CF00C056F5 /* Info.plist */,
				FE21344F1E14E28E00C056F5 /* welcomeVideo.mp4 */,
				FE21343D1E14E0CF00C056F5 /* Assets.xcassets */,
				FE21347F1E150A3500C056F5 /* momentsad */,
				FE2134831E150AB100C056F5 /* likemomentsad */,
				FEED49751E160A570043DB83 /* index */,
			);
			path = Resource;
			sourceTree = "<group>";
		};
		FE2134511E14EE4800C056F5 /* Controller */ = {
			isa = PBXGroup;
			children = (
				FE2134541E14EE6600C056F5 /* MainTabbarController.swift */,
				FE2134561E14EE8500C056F5 /* MainNavigationController.swift */,
			);
			path = Controller;
			sourceTree = "<group>";
		};
		FE2134521E14EE4800C056F5 /* Model */ = {
			isa = PBXGroup;
			children = (
			);
			path = Model;
			sourceTree = "<group>";
		};
		FE2134531E14EE4800C056F5 /* View */ = {
			isa = PBXGroup;
			children = (
				FE9C367D1E1CD0BC000E73C2 /* MatchSegmentedControl.swift */,
				FEB3E4D71E1D1DD100DEAFB1 /* TopicTopView.swift */,
				FEB3E4D91E1D1DDC00DEAFB1 /* TopicTopView.xib */,
			);
			path = View;
			sourceTree = "<group>";
		};
		FE21345C1E14F62100C056F5 /* Box */ = {
			isa = PBXGroup;
			children = (
				FE21345D1E14F62100C056F5 /* Controller */,
				FE21345E1E14F62100C056F5 /* Model */,
				FE21345F1E14F62100C056F5 /* View */,
			);
			path = Box;
			sourceTree = "<group>";
		};
		FE21345D1E14F62100C056F5 /* Controller */ = {
			isa = PBXGroup;
			children = (
				FE2134711E14F99700C056F5 /* BoxViewController.swift */,
			);
			path = Controller;
			sourceTree = "<group>";
		};
		FE21345E1E14F62100C056F5 /* Model */ = {
			isa = PBXGroup;
			children = (
			);
			path = Model;
			sourceTree = "<group>";
		};
		FE21345F1E14F62100C056F5 /* View */ = {
			isa = PBXGroup;
			children = (
			);
			path = View;
			sourceTree = "<group>";
		};
		FE2134601E14F62100C056F5 /* Match */ = {
			isa = PBXGroup;
			children = (
				FE2134611E14F62100C056F5 /* Controller */,
				FE2134621E14F62100C056F5 /* Model */,
				FE2134631E14F62100C056F5 /* View */,
			);
			path = Match;
			sourceTree = "<group>";
		};
		FE2134611E14F62100C056F5 /* Controller */ = {
			isa = PBXGroup;
			children = (
				FE2134731E14F9B000C056F5 /* MatchViewController.swift */,
				FE9C36811E1CEC44000E73C2 /* MatchTopicController.swift */,
			);
			path = Controller;
			sourceTree = "<group>";
		};
		FE2134621E14F62100C056F5 /* Model */ = {
			isa = PBXGroup;
			children = (
				FE2134851E150C8500C056F5 /* MatchModel.swift */,
			);
			path = Model;
			sourceTree = "<group>";
		};
		FE2134631E14F62100C056F5 /* View */ = {
			isa = PBXGroup;
			children = (
			);
			path = View;
			sourceTree = "<group>";
		};
		FE2134641E14F62100C056F5 /* Message */ = {
			isa = PBXGroup;
			children = (
				FE2134651E14F62100C056F5 /* Controller */,
				FE2134661E14F62100C056F5 /* Model */,
				FE2134671E14F62100C056F5 /* View */,
			);
			path = Message;
			sourceTree = "<group>";
		};
		FE2134651E14F62100C056F5 /* Controller */ = {
			isa = PBXGroup;
			children = (
				FE2134791E14F9F600C056F5 /* MessageViewController.swift */,
			);
			path = Controller;
			sourceTree = "<group>";
		};
		FE2134661E14F62100C056F5 /* Model */ = {
			isa = PBXGroup;
			children = (
			);
			path = Model;
			sourceTree = "<group>";
		};
		FE2134671E14F62100C056F5 /* View */ = {
			isa = PBXGroup;
			children = (
			);
			path = View;
			sourceTree = "<group>";
		};
		FE2134681E14F62100C056F5 /* Profile */ = {
			isa = PBXGroup;
			children = (
				FE2134691E14F62100C056F5 /* Controller */,
				FE21346A1E14F62100C056F5 /* Model */,
				FE21346B1E14F62100C056F5 /* View */,
			);
			path = Profile;
			sourceTree = "<group>";
		};
		FE2134691E14F62100C056F5 /* Controller */ = {
			isa = PBXGroup;
			children = (
				FE2134771E14F9DF00C056F5 /* ProfileViewController.swift */,
			);
			path = Controller;
			sourceTree = "<group>";
		};
		FE21346A1E14F62100C056F5 /* Model */ = {
			isa = PBXGroup;
			children = (
			);
			path = Model;
			sourceTree = "<group>";
		};
		FE21346B1E14F62100C056F5 /* View */ = {
			isa = PBXGroup;
			children = (
			);
			path = View;
			sourceTree = "<group>";
		};
		FE21346C1E14F62100C056F5 /* Topic */ = {
			isa = PBXGroup;
			children = (
				FE21346D1E14F62100C056F5 /* Controller */,
				FE21346E1E14F62100C056F5 /* Model */,
				FE21346F1E14F62100C056F5 /* View */,
			);
			path = Topic;
			sourceTree = "<group>";
		};
		FE21346D1E14F62100C056F5 /* Controller */ = {
			isa = PBXGroup;
			children = (
				FE2134751E14F9C800C056F5 /* TopicViewController.swift */,
			);
			path = Controller;
			sourceTree = "<group>";
		};
		FE21346E1E14F62100C056F5 /* Model */ = {
			isa = PBXGroup;
			children = (
				FEED49791E162F9B0043DB83 /* TopicList.swift */,
				FEED497F1E163E070043DB83 /* TopicListViewModel.swift */,
			);
			path = Model;
			sourceTree = "<group>";
		};
		FE21346F1E14F62100C056F5 /* View */ = {
			isa = PBXGroup;
			children = (
				FEED497B1E1634950043DB83 /* TopicTitleCell.swift */,
				FEED497C1E1634950043DB83 /* TopicTitleCell.xib */,
				FE9C36751E1B8398000E73C2 /* TopicSectionHeaderView.swift */,
				FE9C36771E1B83B3000E73C2 /* TopicSectionHeaderView.xib */,
				FE9C367B1E1CA6D5000E73C2 /* MatchADView.swift */,
			);
			path = View;
			sourceTree = "<group>";
		};
		FE2134701E14F92500C056F5 /* Service */ = {
			isa = PBXGroup;
			children = (
				FE21347B1E1505D500C056F5 /* MatchService.swift */,
				FEED49731E16094D0043DB83 /* TopicService.swift */,
			);
			path = Service;
			sourceTree = "<group>";
		};
		FEF8289A1E0CB96F0002E09C = {
			isa = PBXGroup;
			children = (
				FEF828A51E0CB96F0002E09C /* MyRx */,
				FEF828BA1E0CB96F0002E09C /* MyRxTests */,
				FEF828C51E0CB96F0002E09C /* MyRxUITests */,
				FEF828A41E0CB96F0002E09C /* Products */,
				1DB14ECF01E6DA0C93A966B1 /* Pods */,
				0915D57DB6B6AE5681275D8B /* Frameworks */,
			);
			sourceTree = "<group>";
		};
		FEF828A41E0CB96F0002E09C /* Products */ = {
			isa = PBXGroup;
			children = (
				FEF828A31E0CB96F0002E09C /* MyRx.app */,
				FEF828B71E0CB96F0002E09C /* MyRxTests.xctest */,
				FEF828C21E0CB96F0002E09C /* MyRxUITests.xctest */,
			);
			name = Products;
			sourceTree = "<group>";
		};
		FEF828A51E0CB96F0002E09C /* MyRx */ = {
			isa = PBXGroup;
			children = (
				FE21342F1E14E0CF00C056F5 /* Classes */,
			);
			path = MyRx;
			sourceTree = "<group>";
		};
		FEF828BA1E0CB96F0002E09C /* MyRxTests */ = {
			isa = PBXGroup;
			children = (
				FEF828BB1E0CB96F0002E09C /* MyRxTests.swift */,
				FEF828BD1E0CB96F0002E09C /* Info.plist */,
			);
			path = MyRxTests;
			sourceTree = "<group>";
		};
		FEF828C51E0CB96F0002E09C /* MyRxUITests */ = {
			isa = PBXGroup;
			children = (
				FEF828C61E0CB96F0002E09C /* MyRxUITests.swift */,
				FEF828C81E0CB96F0002E09C /* Info.plist */,
			);
			path = MyRxUITests;
			sourceTree = "<group>";
		};
/* End PBXGroup section */

/* Begin PBXNativeTarget section */
		FEF828A21E0CB96F0002E09C /* MyRx */ = {
			isa = PBXNativeTarget;
			buildConfigurationList = FEF828CB1E0CB96F0002E09C /* Build configuration list for PBXNativeTarget "MyRx" */;
			buildPhases = (
				F8F7F45F75AE369797248E80 /* [CP] Check Pods Manifest.lock */,
				FEF8289F1E0CB96F0002E09C /* Sources */,
				FEF828A01E0CB96F0002E09C /* Frameworks */,
				FEF828A11E0CB96F0002E09C /* Resources */,
				C9C7DA2CCA131A3CC83D7DB9 /* [CP] Embed Pods Frameworks */,
				465FD822600A9E53CE13AF10 /* [CP] Copy Pods Resources */,
			);
			buildRules = (
			);
			dependencies = (
			);
			name = MyRx;
			productName = MyRx;
			productReference = FEF828A31E0CB96F0002E09C /* MyRx.app */;
			productType = "com.apple.product-type.application";
		};
		FEF828B61E0CB96F0002E09C /* MyRxTests */ = {
			isa = PBXNativeTarget;
			buildConfigurationList = FEF828CE1E0CB96F0002E09C /* Build configuration list for PBXNativeTarget "MyRxTests" */;
			buildPhases = (
				FEF828B31E0CB96F0002E09C /* Sources */,
				FEF828B41E0CB96F0002E09C /* Frameworks */,
				FEF828B51E0CB96F0002E09C /* Resources */,
			);
			buildRules = (
			);
			dependencies = (
				FEF828B91E0CB96F0002E09C /* PBXTargetDependency */,
			);
			name = MyRxTests;
			productName = MyRxTests;
			productReference = FEF828B71E0CB96F0002E09C /* MyRxTests.xctest */;
			productType = "com.apple.product-type.bundle.unit-test";
		};
		FEF828C11E0CB96F0002E09C /* MyRxUITests */ = {
			isa = PBXNativeTarget;
			buildConfigurationList = FEF828D11E0CB96F0002E09C /* Build configuration list for PBXNativeTarget "MyRxUITests" */;
			buildPhases = (
				FEF828BE1E0CB96F0002E09C /* Sources */,
				FEF828BF1E0CB96F0002E09C /* Frameworks */,
				FEF828C01E0CB96F0002E09C /* Resources */,
			);
			buildRules = (
			);
			dependencies = (
				FEF828C41E0CB96F0002E09C /* PBXTargetDependency */,
			);
			name = MyRxUITests;
			productName = MyRxUITests;
			productReference = FEF828C21E0CB96F0002E09C /* MyRxUITests.xctest */;
			productType = "com.apple.product-type.bundle.ui-testing";
		};
/* End PBXNativeTarget section */

/* Begin PBXProject section */
		FEF8289B1E0CB96F0002E09C /* Project object */ = {
			isa = PBXProject;
			attributes = {
				LastSwiftUpdateCheck = 0810;
				LastUpgradeCheck = 0810;
				ORGANIZATIONNAME = Hony;
				TargetAttributes = {
					FEF828A21E0CB96F0002E09C = {
						CreatedOnToolsVersion = 8.1;
						DevelopmentTeam = 28J88G3NGL;
						ProvisioningStyle = Automatic;
					};
					FEF828B61E0CB96F0002E09C = {
						CreatedOnToolsVersion = 8.1;
						DevelopmentTeam = 28J88G3NGL;
						ProvisioningStyle = Automatic;
						TestTargetID = FEF828A21E0CB96F0002E09C;
					};
					FEF828C11E0CB96F0002E09C = {
						CreatedOnToolsVersion = 8.1;
						DevelopmentTeam = 28J88G3NGL;
						ProvisioningStyle = Automatic;
						TestTargetID = FEF828A21E0CB96F0002E09C;
					};
				};
			};
			buildConfigurationList = FEF8289E1E0CB96F0002E09C /* Build configuration list for PBXProject "MyRx" */;
			compatibilityVersion = "Xcode 3.2";
			developmentRegion = English;
			hasScannedForEncodings = 0;
			knownRegions = (
				en,
				Base,
			);
			mainGroup = FEF8289A1E0CB96F0002E09C;
			productRefGroup = FEF828A41E0CB96F0002E09C /* Products */;
			projectDirPath = "";
			projectRoot = "";
			targets = (
				FEF828A21E0CB96F0002E09C /* MyRx */,
				FEF828B61E0CB96F0002E09C /* MyRxTests */,
				FEF828C11E0CB96F0002E09C /* MyRxUITests */,
			);
		};
/* End PBXProject section */

/* Begin PBXResourcesBuildPhase section */
		FEF828A11E0CB96F0002E09C /* Resources */ = {
			isa = PBXResourcesBuildPhase;
			buildActionMask = 2147483647;
			files = (
				FEED497E1E1634950043DB83 /* TopicTitleCell.xib in Resources */,
				FE2134441E14E0CF00C056F5 /* Assets.xcassets in Resources */,
				FE2134801E150A3500C056F5 /* momentsad in Resources */,
				FE9C36781E1B83B3000E73C2 /* TopicSectionHeaderView.xib in Resources */,
				FE2134401E14E0CF00C056F5 /* Info.plist in Resources */,
				FEED49761E160A570043DB83 /* index in Resources */,
				FE2134501E14E28E00C056F5 /* welcomeVideo.mp4 in Resources */,
				FE2134841E150AB100C056F5 /* likemomentsad in Resources */,
				FEB3E4DA1E1D1DDC00DEAFB1 /* TopicTopView.xib in Resources */,
			);
			runOnlyForDeploymentPostprocessing = 0;
		};
		FEF828B51E0CB96F0002E09C /* Resources */ = {
			isa = PBXResourcesBuildPhase;
			buildActionMask = 2147483647;
			files = (
			);
			runOnlyForDeploymentPostprocessing = 0;
		};
		FEF828C01E0CB96F0002E09C /* Resources */ = {
			isa = PBXResourcesBuildPhase;
			buildActionMask = 2147483647;
			files = (
			);
			runOnlyForDeploymentPostprocessing = 0;
		};
/* End PBXResourcesBuildPhase section */

/* Begin PBXShellScriptBuildPhase section */
		465FD822600A9E53CE13AF10 /* [CP] Copy Pods Resources */ = {
			isa = PBXShellScriptBuildPhase;
			buildActionMask = 2147483647;
			files = (
			);
			inputPaths = (
			);
			name = "[CP] Copy Pods Resources";
			outputPaths = (
			);
			runOnlyForDeploymentPostprocessing = 0;
			shellPath = /bin/sh;
			shellScript = "\"${SRCROOT}/Pods/Target Support Files/Pods-MyRx/Pods-MyRx-resources.sh\"\n";
			showEnvVarsInLog = 0;
		};
		C9C7DA2CCA131A3CC83D7DB9 /* [CP] Embed Pods Frameworks */ = {
			isa = PBXShellScriptBuildPhase;
			buildActionMask = 2147483647;
			files = (
			);
			inputPaths = (
			);
			name = "[CP] Embed Pods Frameworks";
			outputPaths = (
			);
			runOnlyForDeploymentPostprocessing = 0;
			shellPath = /bin/sh;
			shellScript = "\"${SRCROOT}/Pods/Target Support Files/Pods-MyRx/Pods-MyRx-frameworks.sh\"\n";
			showEnvVarsInLog = 0;
		};
		F8F7F45F75AE369797248E80 /* [CP] Check Pods Manifest.lock */ = {
			isa = PBXShellScriptBuildPhase;
			buildActionMask = 2147483647;
			files = (
			);
			inputPaths = (
			);
			name = "[CP] Check Pods Manifest.lock";
			outputPaths = (
			);
			runOnlyForDeploymentPostprocessing = 0;
			shellPath = /bin/sh;
			shellScript = "diff \"${PODS_ROOT}/../Podfile.lock\" \"${PODS_ROOT}/Manifest.lock\" > /dev/null\nif [[ $? != 0 ]] ; then\n    cat << EOM\nerror: The sandbox is not in sync with the Podfile.lock. Run 'pod install' or update your CocoaPods installation.\nEOM\n    exit 1\nfi\n";
			showEnvVarsInLog = 0;
		};
/* End PBXShellScriptBuildPhase section */

/* Begin PBXSourcesBuildPhase section */
		FEF8289F1E0CB96F0002E09C /* Sources */ = {
			isa = PBXSourcesBuildPhase;
			buildActionMask = 2147483647;
			files = (
				FE2134591E14EEAE00C056F5 /* Appdelegate+Extension.swift in Sources */,
				FEB3E4D81E1D1DD100DEAFB1 /* TopicTopView.swift in Sources */,
				FEED49851E1665C20043DB83 /* String+Directionary.swift in Sources */,
				FE2134741E14F9B000C056F5 /* MatchViewController.swift in Sources */,
				FE21345B1E14F04700C056F5 /* UIColor+random.swift in Sources */,
				FEED497A1E162F9B0043DB83 /* TopicList.swift in Sources */,
				FE2134571E14EE8500C056F5 /* MainNavigationController.swift in Sources */,
				FE2134431E14E0CF00C056F5 /* ViewController.swift in Sources */,
				FEC9B4131E151E1B00D076EF /* JSONTool.swift in Sources */,
				FE9C367E1E1CD0BC000E73C2 /* MatchSegmentedControl.swift in Sources */,
				FEED498D1E1666090043DB83 /* UIView+Nib.swift in Sources */,
				FE2134421E14E0CF00C056F5 /* BanTModel.swift in Sources */,
				FE2134761E14F9C800C056F5 /* TopicViewController.swift in Sources */,
				FE2134861E150C8500C056F5 /* MatchModel.swift in Sources */,
				FEED49801E163E070043DB83 /* TopicListViewModel.swift in Sources */,
				FE9C36741E1B816E000E73C2 /* config.swift in Sources */,
				FE2134551E14EE6600C056F5 /* MainTabbarController.swift in Sources */,
				FE9C36761E1B8398000E73C2 /* TopicSectionHeaderView.swift in Sources */,
				FE2134721E14F99700C056F5 /* BoxViewController.swift in Sources */,
				FE21343F1E14E0CF00C056F5 /* AppDelegate.swift in Sources */,
				FEED49831E1665B40043DB83 /* GCD+Extension.swift in Sources */,
				FEED49891E1665EC0043DB83 /* UIBarButtonItem+category.swift in Sources */,
				FEED497D1E1634950043DB83 /* TopicTitleCell.swift in Sources */,
				FE9C36801E1CD59A000E73C2 /* UIImage+Extension.swift in Sources */,
				FE21347C1E1505D500C056F5 /* MatchService.swift in Sources */,
				FE21347A1E14F9F600C056F5 /* MessageViewController.swift in Sources */,
				FE9C367C1E1CA6D5000E73C2 /* MatchADView.swift in Sources */,
				FEED49871E1665E20043DB83 /* String+Extension.swift in Sources */,
				FE21343E1E14E0CF00C056F5 /* Response+HandyJSON.swift in Sources */,
				FE21344C1E14E20100C056F5 /* String+BoundingRect.swift in Sources */,
				FEED498B1E1665FB0043DB83 /* UINavigationBar+line.swift in Sources */,
				FE2134781E14F9DF00C056F5 /* ProfileViewController.swift in Sources */,
				FEED49741E16094D0043DB83 /* TopicService.swift in Sources */,
				FEED49781E160E0D0043DB83 /* Observer+schedulerl.swift in Sources */,
				FE9C36821E1CEC44000E73C2 /* MatchTopicController.swift in Sources */,
				FE2134411E14E0CF00C056F5 /* BantangProvider.swift in Sources */,
				FE21344E1E14E22500C056F5 /* RxOperators.swift in Sources */,
			);
			runOnlyForDeploymentPostprocessing = 0;
		};
		FEF828B31E0CB96F0002E09C /* Sources */ = {
			isa = PBXSourcesBuildPhase;
			buildActionMask = 2147483647;
			files = (
				FEF828BC1E0CB96F0002E09C /* MyRxTests.swift in Sources */,
			);
			runOnlyForDeploymentPostprocessing = 0;
		};
		FEF828BE1E0CB96F0002E09C /* Sources */ = {
			isa = PBXSourcesBuildPhase;
			buildActionMask = 2147483647;
			files = (
				FEF828C71E0CB96F0002E09C /* MyRxUITests.swift in Sources */,
			);
			runOnlyForDeploymentPostprocessing = 0;
		};
/* End PBXSourcesBuildPhase section */

/* Begin PBXTargetDependency section */
		FEF828B91E0CB96F0002E09C /* PBXTargetDependency */ = {
			isa = PBXTargetDependency;
			target = FEF828A21E0CB96F0002E09C /* MyRx */;
			targetProxy = FEF828B81E0CB96F0002E09C /* PBXContainerItemProxy */;
		};
		FEF828C41E0CB96F0002E09C /* PBXTargetDependency */ = {
			isa = PBXTargetDependency;
			target = FEF828A21E0CB96F0002E09C /* MyRx */;
			targetProxy = FEF828C31E0CB96F0002E09C /* PBXContainerItemProxy */;
		};
/* End PBXTargetDependency section */

/* Begin XCBuildConfiguration section */
		FEF828C91E0CB96F0002E09C /* Debug */ = {
			isa = XCBuildConfiguration;
			buildSettings = {
				ALWAYS_SEARCH_USER_PATHS = NO;
				CLANG_ANALYZER_NONNULL = YES;
				CLANG_CXX_LANGUAGE_STANDARD = "gnu++0x";
				CLANG_CXX_LIBRARY = "libc++";
				CLANG_ENABLE_MODULES = YES;
				CLANG_ENABLE_OBJC_ARC = YES;
				CLANG_WARN_BOOL_CONVERSION = YES;
				CLANG_WARN_CONSTANT_CONVERSION = YES;
				CLANG_WARN_DIRECT_OBJC_ISA_USAGE = YES_ERROR;
				CLANG_WARN_DOCUMENTATION_COMMENTS = YES;
				CLANG_WARN_EMPTY_BODY = YES;
				CLANG_WARN_ENUM_CONVERSION = YES;
				CLANG_WARN_INFINITE_RECURSION = YES;
				CLANG_WARN_INT_CONVERSION = YES;
				CLANG_WARN_OBJC_ROOT_CLASS = YES_ERROR;
				CLANG_WARN_SUSPICIOUS_MOVES = YES;
				CLANG_WARN_UNREACHABLE_CODE = YES;
				CLANG_WARN__DUPLICATE_METHOD_MATCH = YES;
				"CODE_SIGN_IDENTITY[sdk=iphoneos*]" = "iPhone Developer";
				COPY_PHASE_STRIP = NO;
				DEBUG_INFORMATION_FORMAT = dwarf;
				ENABLE_STRICT_OBJC_MSGSEND = YES;
				ENABLE_TESTABILITY = YES;
				GCC_C_LANGUAGE_STANDARD = gnu99;
				GCC_DYNAMIC_NO_PIC = NO;
				GCC_NO_COMMON_BLOCKS = YES;
				GCC_OPTIMIZATION_LEVEL = 0;
				GCC_PREPROCESSOR_DEFINITIONS = (
					"DEBUG=1",
					"$(inherited)",
				);
				GCC_WARN_64_TO_32_BIT_CONVERSION = YES;
				GCC_WARN_ABOUT_RETURN_TYPE = YES_ERROR;
				GCC_WARN_UNDECLARED_SELECTOR = YES;
				GCC_WARN_UNINITIALIZED_AUTOS = YES_AGGRESSIVE;
				GCC_WARN_UNUSED_FUNCTION = YES;
				GCC_WARN_UNUSED_VARIABLE = YES;
				IPHONEOS_DEPLOYMENT_TARGET = 10.1;
				MTL_ENABLE_DEBUG_INFO = YES;
				ONLY_ACTIVE_ARCH = YES;
				SDKROOT = iphoneos;
				SWIFT_ACTIVE_COMPILATION_CONDITIONS = DEBUG;
				SWIFT_OPTIMIZATION_LEVEL = "-Onone";
			};
			name = Debug;
		};
		FEF828CA1E0CB96F0002E09C /* Release */ = {
			isa = XCBuildConfiguration;
			buildSettings = {
				ALWAYS_SEARCH_USER_PATHS = NO;
				CLANG_ANALYZER_NONNULL = YES;
				CLANG_CXX_LANGUAGE_STANDARD = "gnu++0x";
				CLANG_CXX_LIBRARY = "libc++";
				CLANG_ENABLE_MODULES = YES;
				CLANG_ENABLE_OBJC_ARC = YES;
				CLANG_WARN_BOOL_CONVERSION = YES;
				CLANG_WARN_CONSTANT_CONVERSION = YES;
				CLANG_WARN_DIRECT_OBJC_ISA_USAGE = YES_ERROR;
				CLANG_WARN_DOCUMENTATION_COMMENTS = YES;
				CLANG_WARN_EMPTY_BODY = YES;
				CLANG_WARN_ENUM_CONVERSION = YES;
				CLANG_WARN_INFINITE_RECURSION = YES;
				CLANG_WARN_INT_CONVERSION = YES;
				CLANG_WARN_OBJC_ROOT_CLASS = YES_ERROR;
				CLANG_WARN_SUSPICIOUS_MOVES = YES;
				CLANG_WARN_UNREACHABLE_CODE = YES;
				CLANG_WARN__DUPLICATE_METHOD_MATCH = YES;
				"CODE_SIGN_IDENTITY[sdk=iphoneos*]" = "iPhone Developer";
				COPY_PHASE_STRIP = NO;
				DEBUG_INFORMATION_FORMAT = "dwarf-with-dsym";
				ENABLE_NS_ASSERTIONS = NO;
				ENABLE_STRICT_OBJC_MSGSEND = YES;
				GCC_C_LANGUAGE_STANDARD = gnu99;
				GCC_NO_COMMON_BLOCKS = YES;
				GCC_WARN_64_TO_32_BIT_CONVERSION = YES;
				GCC_WARN_ABOUT_RETURN_TYPE = YES_ERROR;
				GCC_WARN_UNDECLARED_SELECTOR = YES;
				GCC_WARN_UNINITIALIZED_AUTOS = YES_AGGRESSIVE;
				GCC_WARN_UNUSED_FUNCTION = YES;
				GCC_WARN_UNUSED_VARIABLE = YES;
				IPHONEOS_DEPLOYMENT_TARGET = 10.1;
				MTL_ENABLE_DEBUG_INFO = NO;
				SDKROOT = iphoneos;
				SWIFT_OPTIMIZATION_LEVEL = "-Owholemodule";
				VALIDATE_PRODUCT = YES;
			};
			name = Release;
		};
		FEF828CC1E0CB96F0002E09C /* Debug */ = {
			isa = XCBuildConfiguration;
			baseConfigurationReference = 838C51FC2269DB5BF654EF8C /* Pods-MyRx.debug.xcconfig */;
			buildSettings = {
				ASSETCATALOG_COMPILER_APPICON_NAME = AppIcon;
				ASSETCATALOG_COMPILER_LAUNCHIMAGE_NAME = LaunchImage;
				DEVELOPMENT_TEAM = 28J88G3NGL;
				INFOPLIST_FILE = "$(SRCROOT)/MyRx/Classes/Main/Info.plist";
				LD_RUNPATH_SEARCH_PATHS = "$(inherited) @executable_path/Frameworks";
				PRODUCT_BUNDLE_IDENTIFIER = com.sqyc.MyRx;
				PRODUCT_NAME = "$(TARGET_NAME)";
				SWIFT_VERSION = 3.0;
			};
			name = Debug;
		};
		FEF828CD1E0CB96F0002E09C /* Release */ = {
			isa = XCBuildConfiguration;
			baseConfigurationReference = 42F74B4EAF2BBE52B7002C50 /* Pods-MyRx.release.xcconfig */;
			buildSettings = {
				ASSETCATALOG_COMPILER_APPICON_NAME = AppIcon;
				ASSETCATALOG_COMPILER_LAUNCHIMAGE_NAME = LaunchImage;
				DEVELOPMENT_TEAM = 28J88G3NGL;
				INFOPLIST_FILE = "$(SRCROOT)/MyRx/Classes/Main/Info.plist";
				LD_RUNPATH_SEARCH_PATHS = "$(inherited) @executable_path/Frameworks";
				PRODUCT_BUNDLE_IDENTIFIER = com.sqyc.MyRx;
				PRODUCT_NAME = "$(TARGET_NAME)";
				SWIFT_VERSION = 3.0;
			};
			name = Release;
		};
		FEF828CF1E0CB96F0002E09C /* Debug */ = {
			isa = XCBuildConfiguration;
			buildSettings = {
				ALWAYS_EMBED_SWIFT_STANDARD_LIBRARIES = YES;
				BUNDLE_LOADER = "$(TEST_HOST)";
				DEVELOPMENT_TEAM = 28J88G3NGL;
				INFOPLIST_FILE = MyRxTests/Info.plist;
				LD_RUNPATH_SEARCH_PATHS = "$(inherited) @executable_path/Frameworks @loader_path/Frameworks";
				PRODUCT_BUNDLE_IDENTIFIER = com.sqyc.MyRxTests;
				PRODUCT_NAME = "$(TARGET_NAME)";
				SWIFT_VERSION = 3.0;
				TEST_HOST = "$(BUILT_PRODUCTS_DIR)/MyRx.app/MyRx";
			};
			name = Debug;
		};
		FEF828D01E0CB96F0002E09C /* Release */ = {
			isa = XCBuildConfiguration;
			buildSettings = {
				ALWAYS_EMBED_SWIFT_STANDARD_LIBRARIES = YES;
				BUNDLE_LOADER = "$(TEST_HOST)";
				DEVELOPMENT_TEAM = 28J88G3NGL;
				INFOPLIST_FILE = MyRxTests/Info.plist;
				LD_RUNPATH_SEARCH_PATHS = "$(inherited) @executable_path/Frameworks @loader_path/Frameworks";
				PRODUCT_BUNDLE_IDENTIFIER = com.sqyc.MyRxTests;
				PRODUCT_NAME = "$(TARGET_NAME)";
				SWIFT_VERSION = 3.0;
				TEST_HOST = "$(BUILT_PRODUCTS_DIR)/MyRx.app/MyRx";
			};
			name = Release;
		};
		FEF828D21E0CB96F0002E09C /* Debug */ = {
			isa = XCBuildConfiguration;
			buildSettings = {
				ALWAYS_EMBED_SWIFT_STANDARD_LIBRARIES = YES;
				DEVELOPMENT_TEAM = 28J88G3NGL;
				INFOPLIST_FILE = MyRxUITests/Info.plist;
				LD_RUNPATH_SEARCH_PATHS = "$(inherited) @executable_path/Frameworks @loader_path/Frameworks";
				PRODUCT_BUNDLE_IDENTIFIER = com.sqyc.MyRxUITests;
				PRODUCT_NAME = "$(TARGET_NAME)";
				SWIFT_VERSION = 3.0;
				TEST_TARGET_NAME = MyRx;
			};
			name = Debug;
		};
		FEF828D31E0CB96F0002E09C /* Release */ = {
			isa = XCBuildConfiguration;
			buildSettings = {
				ALWAYS_EMBED_SWIFT_STANDARD_LIBRARIES = YES;
				DEVELOPMENT_TEAM = 28J88G3NGL;
				INFOPLIST_FILE = MyRxUITests/Info.plist;
				LD_RUNPATH_SEARCH_PATHS = "$(inherited) @executable_path/Frameworks @loader_path/Frameworks";
				PRODUCT_BUNDLE_IDENTIFIER = com.sqyc.MyRxUITests;
				PRODUCT_NAME = "$(TARGET_NAME)";
				SWIFT_VERSION = 3.0;
				TEST_TARGET_NAME = MyRx;
			};
			name = Release;
		};
/* End XCBuildConfiguration section */

/* Begin XCConfigurationList section */
		FEF8289E1E0CB96F0002E09C /* Build configuration list for PBXProject "MyRx" */ = {
			isa = XCConfigurationList;
			buildConfigurations = (
				FEF828C91E0CB96F0002E09C /* Debug */,
				FEF828CA1E0CB96F0002E09C /* Release */,
			);
			defaultConfigurationIsVisible = 0;
			defaultConfigurationName = Release;
		};
		FEF828CB1E0CB96F0002E09C /* Build configuration list for PBXNativeTarget "MyRx" */ = {
			isa = XCConfigurationList;
			buildConfigurations = (
				FEF828CC1E0CB96F0002E09C /* Debug */,
				FEF828CD1E0CB96F0002E09C /* Release */,
			);
			defaultConfigurationIsVisible = 0;
			defaultConfigurationName = Release;
		};
		FEF828CE1E0CB96F0002E09C /* Build configuration list for PBXNativeTarget "MyRxTests" */ = {
			isa = XCConfigurationList;
			buildConfigurations = (
				FEF828CF1E0CB96F0002E09C /* Debug */,
				FEF828D01E0CB96F0002E09C /* Release */,
			);
			defaultConfigurationIsVisible = 0;
			defaultConfigurationName = Release;
		};
		FEF828D11E0CB96F0002E09C /* Build configuration list for PBXNativeTarget "MyRxUITests" */ = {
			isa = XCConfigurationList;
			buildConfigurations = (
				FEF828D21E0CB96F0002E09C /* Debug */,
				FEF828D31E0CB96F0002E09C /* Release */,
			);
			defaultConfigurationIsVisible = 0;
			defaultConfigurationName = Release;
		};
/* End XCConfigurationList section */
	};
	rootObject = FEF8289B1E0CB96F0002E09C /* Project object */;
}
